
Microsoft Visual Studio Solution File, Format Version 12.00
# Visual Studio Version 16
VisualStudioVersion = 16.0.29001.49
MinimumVisualStudioVersion = 10.0.40219.1
Project("{FAE04EC0-301F-11D3-BF4B-00C04F79EFBC}") = "Transporte_Escolar_Bonilla", "Transporte_Escolar_Bonilla.csproj", "{634E6E44-C657-48DC-BC95-80E7AC7F70CF}"
EndProject
Project("{54435603-DBB4-11D2-8724-00A0C9A8B90C}") = "TEB", "TEB\TEB.vdproj", "{5C1C88C8-FD43-4DEB-A3F2-6A3B3B53B799}"
EndProject
Global
	GlobalSection(SolutionConfigurationPlatforms) = preSolution
		Debug|Any CPU = Debug|Any CPU
		Release|Any CPU = Release|Any CPU
	EndGlobalSection
	GlobalSection(ProjectConfigurationPlatforms) = postSolution
		{634E6E44-C657-48DC-BC95-80E7AC7F70CF}.Debug|Any CPU.ActiveCfg = Debug|Any CPU
		{634E6E44-C657-48DC-BC95-80E7AC7F70CF}.Debug|Any CPU.Build.0 = Debug|Any CPU
		{634E6E44-C657-48DC-BC95-80E7AC7F70CF}.Release|Any CPU.ActiveCfg = Release|Any CPU
		{634E6E44-C657-48DC-BC95-80E7AC7F70CF}.Release|Any CPU.Build.0 = Release|Any CPU
		{5C1C88C8-FD43-4DEB-A3F2-6A3B3B53B799}.Debug|Any CPU.ActiveCfg = Debug
		{5C1C88C8-FD43-4DEB-A3F2-6A3B3B53B799}.Release|Any CPU.ActiveCfg = Release
	EndGlobalSection
	GlobalSection(SolutionProperties) = preSolution
		HideSolutionNode = FALSE
	EndGlobalSection
	GlobalSection(ExtensibilityGlobals) = postSolution
		SolutionGuid = {64BFFC35-ED43-47CA-AA50-3BEC3A3C1282}
	EndGlobalSection
EndGlobal
